// !$*UTF8*$!
{
	archiveVersion = 1;
	classes = {
	};
	objectVersion = 50;
	objects = {

/* Begin PBXBuildFile section */
		71138F3825E8959C0048CF46 /* Stopwatch.swift in Sources */ = {isa = PBXBuildFile; fileRef = 71138F3425E88E9D0048CF46 /* Stopwatch.swift */; };
		71138F3925E8959C0048CF46 /* Test2ViewController.swift in Sources */ = {isa = PBXBuildFile; fileRef = 71138F3325E88E9D0048CF46 /* Test2ViewController.swift */; };
		71555B932553E8AE00DD8246 /* CppStudent.cpp in Sources */ = {isa = PBXBuildFile; fileRef = 71555B912553E8AD00DD8246 /* CppStudent.cpp */; };
		718B95042508930900C1DB77 /* AppDelegate.m in Sources */ = {isa = PBXBuildFile; fileRef = 718B95032508930900C1DB77 /* AppDelegate.m */; };
		718B950A2508930900C1DB77 /* ViewController.m in Sources */ = {isa = PBXBuildFile; fileRef = 718B95092508930900C1DB77 /* ViewController.m */; };
		718B950D2508930900C1DB77 /* Main.storyboard in Resources */ = {isa = PBXBuildFile; fileRef = 718B950B2508930900C1DB77 /* Main.storyboard */; };
		718B950F2508930A00C1DB77 /* Assets.xcassets in Resources */ = {isa = PBXBuildFile; fileRef = 718B950E2508930A00C1DB77 /* Assets.xcassets */; };
		718B95122508930A00C1DB77 /* LaunchScreen.storyboard in Resources */ = {isa = PBXBuildFile; fileRef = 718B95102508930A00C1DB77 /* LaunchScreen.storyboard */; };
		718B95152508930A00C1DB77 /* main.m in Sources */ = {isa = PBXBuildFile; fileRef = 718B95142508930A00C1DB77 /* main.m */; };
		718B95322508AF0C00C1DB77 /* MBHudDemoViewController.m in Sources */ = {isa = PBXBuildFile; fileRef = 718B95312508AF0B00C1DB77 /* MBHudDemoViewController.m */; };
		718B95362508AFD200C1DB77 /* MBProgressHUD.m in Sources */ = {isa = PBXBuildFile; fileRef = 718B95352508AFD200C1DB77 /* MBProgressHUD.m */; };
		718DDBA2257F3387002B35AE /* confuse_sdk.h in Headers */ = {isa = PBXBuildFile; fileRef = 718DDBA0257F3387002B35AE /* confuse_sdk.h */; settings = {ATTRIBUTES = (Public, ); }; };
		718DDBA5257F3387002B35AE /* confuse_sdk.framework in Frameworks */ = {isa = PBXBuildFile; fileRef = 718DDB9E257F3387002B35AE /* confuse_sdk.framework */; };
		718DDBA6257F3387002B35AE /* confuse_sdk.framework in Embed Frameworks */ = {isa = PBXBuildFile; fileRef = 718DDB9E257F3387002B35AE /* confuse_sdk.framework */; settings = {ATTRIBUTES = (CodeSignOnCopy, RemoveHeadersOnCopy, ); }; };
		718F1753258C98210001E6F0 /* CppClass.cpp in Sources */ = {isa = PBXBuildFile; fileRef = 718F1751258C98210001E6F0 /* CppClass.cpp */; };
		719313E0255A786A004A7802 /* CppViewController.mm in Sources */ = {isa = PBXBuildFile; fileRef = 719313DF255A786A004A7802 /* CppViewController.mm */; };
		71CC72EA253841BC0094F702 /* TestDiscardSuper.m in Sources */ = {isa = PBXBuildFile; fileRef = 71CC72E9253841BC0094F702 /* TestDiscardSuper.m */; };
		71D1870125C28C7B003D3115 /* Swift.storyboard in Resources */ = {isa = PBXBuildFile; fileRef = 71D1870025C28C7B003D3115 /* Swift.storyboard */; };
		71D708D1255A38E4002CCDA8 /* Cpp.storyboard in Resources */ = {isa = PBXBuildFile; fileRef = 71D708D0255A38E3002CCDA8 /* Cpp.storyboard */; };
		71D708D6255A4679002CCDA8 /* Oc.storyboard in Resources */ = {isa = PBXBuildFile; fileRef = 71D708D4255A3DCD002CCDA8 /* Oc.storyboard */; };
		71D708DB255A726B002CCDA8 /* CppFunction.cpp in Sources */ = {isa = PBXBuildFile; fileRef = 71D708D9255A726B002CCDA8 /* CppFunction.cpp */; };
		71D708DE255A7333002CCDA8 /* CppBase.cpp in Sources */ = {isa = PBXBuildFile; fileRef = 71D708DC255A7333002CCDA8 /* CppBase.cpp */; };
		71D7C8D025DD140A00012BAC /* Product.swift in Sources */ = {isa = PBXBuildFile; fileRef = 71D7C8CA25DD140900012BAC /* Product.swift */; };
		71D7C8D125DD140A00012BAC /* ProductViewController.swift in Sources */ = {isa = PBXBuildFile; fileRef = 71D7C8CB25DD140900012BAC /* ProductViewController.swift */; };
		71D7C8D225DD140A00012BAC /* ProductsTableViewController.swift in Sources */ = {isa = PBXBuildFile; fileRef = 71D7C8CC25DD140900012BAC /* ProductsTableViewController.swift */; };
		71D7C8D325DD140A00012BAC /* ContactViewController.swift in Sources */ = {isa = PBXBuildFile; fileRef = 71D7C8CD25DD140900012BAC /* ContactViewController.swift */; };
		71D7C8D425DD140A00012BAC /* SwiftTest1.xcassets in Resources */ = {isa = PBXBuildFile; fileRef = 71D7C8CE25DD140A00012BAC /* SwiftTest1.xcassets */; };
		71E3606D25628A3F003C3264 /* discard.xcassets in Resources */ = {isa = PBXBuildFile; fileRef = 71E3606C25628A3F003C3264 /* discard.xcassets */; };
		71E3606F25628AD5003C3264 /* yjs.png in Resources */ = {isa = PBXBuildFile; fileRef = 71E3606E25628AD5003C3264 /* yjs.png */; };
		71F526EC25903B6C00650E3A /* CppTemplate.cpp in Sources */ = {isa = PBXBuildFile; fileRef = 71F526EA25903B6C00650E3A /* CppTemplate.cpp */; };
		98BE2D23259B19E10005A66D /* Localizable.strings in Resources */ = {isa = PBXBuildFile; fileRef = 98BE2D25259B19E10005A66D /* Localizable.strings */; };
		98BE2D2D259B200E0005A66D /* File.strings in Resources */ = {isa = PBXBuildFile; fileRef = 98BE2D2F259B200E0005A66D /* File.strings */; };
		AA47C427D0DA2DFA108DF18B /* libPods-confuse_test.a in Frameworks */ = {isa = PBXBuildFile; fileRef = F7D9F27051B5588CBE9C68AE /* libPods-confuse_test.a */; };
/* End PBXBuildFile section */

/* Begin PBXContainerItemProxy section */
		718DDBA3257F3387002B35AE /* PBXContainerItemProxy */ = {
			isa = PBXContainerItemProxy;
			containerPortal = 718B94F72508930800C1DB77 /* Project object */;
			proxyType = 1;
			remoteGlobalIDString = 718DDB9D257F3387002B35AE;
			remoteInfo = confuse_sdk;
		};
/* End PBXContainerItemProxy section */

/* Begin PBXCopyFilesBuildPhase section */
		718DDBA7257F3387002B35AE /* Embed Frameworks */ = {
			isa = PBXCopyFilesBuildPhase;
			buildActionMask = 2147483647;
			dstPath = "";
			dstSubfolderSpec = 10;
			files = (
				718DDBA6257F3387002B35AE /* confuse_sdk.framework in Embed Frameworks */,
			);
			name = "Embed Frameworks";
			runOnlyForDeploymentPostprocessing = 0;
		};
/* End PBXCopyFilesBuildPhase section */

/* Begin PBXFileReference section */
		2AF48204C6D0BEB24FE13CBB /* Pods-confuse_test.release.xcconfig */ = {isa = PBXFileReference; includeInIndex = 1; lastKnownFileType = text.xcconfig; name = "Pods-confuse_test.release.xcconfig"; path = "Target Support Files/Pods-confuse_test/Pods-confuse_test.release.xcconfig"; sourceTree = "<group>"; };
		710751CB255D40F100D7F0B7 /* CppNamespace.hpp */ = {isa = PBXFileReference; lastKnownFileType = sourcecode.cpp.h; path = CppNamespace.hpp; sourceTree = "<group>"; };
		71138F3325E88E9D0048CF46 /* Test2ViewController.swift */ = {isa = PBXFileReference; lastKnownFileType = sourcecode.swift; path = Test2ViewController.swift; sourceTree = "<group>"; };
		71138F3425E88E9D0048CF46 /* Stopwatch.swift */ = {isa = PBXFileReference; lastKnownFileType = sourcecode.swift; path = Stopwatch.swift; sourceTree = "<group>"; };
		71555B912553E8AD00DD8246 /* CppStudent.cpp */ = {isa = PBXFileReference; fileEncoding = 4; lastKnownFileType = sourcecode.cpp.cpp; path = CppStudent.cpp; sourceTree = "<group>"; };
		71555B922553E8AE00DD8246 /* CppStudent.h */ = {isa = PBXFileReference; fileEncoding = 4; lastKnownFileType = sourcecode.c.h; path = CppStudent.h; sourceTree = "<group>"; };
		71555B942553E90F00DD8246 /* CppHeader.h */ = {isa = PBXFileReference; fileEncoding = 4; lastKnownFileType = sourcecode.c.h; path = CppHeader.h; sourceTree = "<group>"; };
		718B94FF2508930900C1DB77 /* confuse_test.app */ = {isa = PBXFileReference; explicitFileType = wrapper.application; includeInIndex = 0; path = confuse_test.app; sourceTree = BUILT_PRODUCTS_DIR; };
		718B95022508930900C1DB77 /* AppDelegate.h */ = {isa = PBXFileReference; lastKnownFileType = sourcecode.c.h; path = AppDelegate.h; sourceTree = "<group>"; };
		718B95032508930900C1DB77 /* AppDelegate.m */ = {isa = PBXFileReference; lastKnownFileType = sourcecode.c.objc; path = AppDelegate.m; sourceTree = "<group>"; };
		718B95082508930900C1DB77 /* ViewController.h */ = {isa = PBXFileReference; lastKnownFileType = sourcecode.c.h; path = ViewController.h; sourceTree = "<group>"; };
		718B95092508930900C1DB77 /* ViewController.m */ = {isa = PBXFileReference; lastKnownFileType = sourcecode.c.objc; path = ViewController.m; sourceTree = "<group>"; };
		718B950C2508930900C1DB77 /* Base */ = {isa = PBXFileReference; lastKnownFileType = file.storyboard; name = Base; path = Base.lproj/Main.storyboard; sourceTree = "<group>"; };
		718B950E2508930A00C1DB77 /* Assets.xcassets */ = {isa = PBXFileReference; lastKnownFileType = folder.assetcatalog; path = Assets.xcassets; sourceTree = "<group>"; };
		718B95112508930A00C1DB77 /* Base */ = {isa = PBXFileReference; lastKnownFileType = file.storyboard; name = Base; path = Base.lproj/LaunchScreen.storyboard; sourceTree = "<group>"; };
		718B95132508930A00C1DB77 /* Info.plist */ = {isa = PBXFileReference; lastKnownFileType = text.plist.xml; path = Info.plist; sourceTree = "<group>"; };
		718B95142508930A00C1DB77 /* main.m */ = {isa = PBXFileReference; lastKnownFileType = sourcecode.c.objc; path = main.m; sourceTree = "<group>"; };
		718B95252508992300C1DB77 /* confuse_test.pch */ = {isa = PBXFileReference; lastKnownFileType = sourcecode.c.h; path = confuse_test.pch; sourceTree = "<group>"; };
		718B95302508AF0B00C1DB77 /* MBHudDemoViewController.h */ = {isa = PBXFileReference; fileEncoding = 4; lastKnownFileType = sourcecode.c.h; path = MBHudDemoViewController.h; sourceTree = "<group>"; };
		718B95312508AF0B00C1DB77 /* MBHudDemoViewController.m */ = {isa = PBXFileReference; fileEncoding = 4; lastKnownFileType = sourcecode.c.objc; path = MBHudDemoViewController.m; sourceTree = "<group>"; };
		718B95342508AFD200C1DB77 /* MBProgressHUD.h */ = {isa = PBXFileReference; fileEncoding = 4; lastKnownFileType = sourcecode.c.h; path = MBProgressHUD.h; sourceTree = "<group>"; };
		718B95352508AFD200C1DB77 /* MBProgressHUD.m */ = {isa = PBXFileReference; fileEncoding = 4; lastKnownFileType = sourcecode.c.objc; path = MBProgressHUD.m; sourceTree = "<group>"; };
		718DDB9E257F3387002B35AE /* confuse_sdk.framework */ = {isa = PBXFileReference; explicitFileType = wrapper.framework; includeInIndex = 0; path = confuse_sdk.framework; sourceTree = BUILT_PRODUCTS_DIR; };
		718DDBA0257F3387002B35AE /* confuse_sdk.h */ = {isa = PBXFileReference; lastKnownFileType = sourcecode.c.h; path = confuse_sdk.h; sourceTree = "<group>"; };
		718DDBA1257F3387002B35AE /* Info.plist */ = {isa = PBXFileReference; lastKnownFileType = text.plist.xml; path = Info.plist; sourceTree = "<group>"; };
		718F1751258C98210001E6F0 /* CppClass.cpp */ = {isa = PBXFileReference; lastKnownFileType = sourcecode.cpp.cpp; path = CppClass.cpp; sourceTree = "<group>"; };
		718F1752258C98210001E6F0 /* CppClass.hpp */ = {isa = PBXFileReference; lastKnownFileType = sourcecode.cpp.h; path = CppClass.hpp; sourceTree = "<group>"; };
		719313DE255A786A004A7802 /* CppViewController.h */ = {isa = PBXFileReference; lastKnownFileType = sourcecode.c.h; path = CppViewController.h; sourceTree = "<group>"; };
		719313DF255A786A004A7802 /* CppViewController.mm */ = {isa = PBXFileReference; lastKnownFileType = sourcecode.cpp.objcpp; path = CppViewController.mm; sourceTree = "<group>"; };
		71CC72E8253841BC0094F702 /* TestDiscardSuper.h */ = {isa = PBXFileReference; lastKnownFileType = sourcecode.c.h; path = TestDiscardSuper.h; sourceTree = "<group>"; };
		71CC72E9253841BC0094F702 /* TestDiscardSuper.m */ = {isa = PBXFileReference; lastKnownFileType = sourcecode.c.objc; path = TestDiscardSuper.m; sourceTree = "<group>"; };
		71D1870025C28C7B003D3115 /* Swift.storyboard */ = {isa = PBXFileReference; lastKnownFileType = file.storyboard; path = Swift.storyboard; sourceTree = "<group>"; };
		71D1870325C28D98003D3115 /* confuse_test-Bridging-Header.h */ = {isa = PBXFileReference; lastKnownFileType = sourcecode.c.h; path = "confuse_test-Bridging-Header.h"; sourceTree = "<group>"; };
		71D708D0255A38E3002CCDA8 /* Cpp.storyboard */ = {isa = PBXFileReference; lastKnownFileType = file.storyboard; path = Cpp.storyboard; sourceTree = "<group>"; };
		71D708D5255A3DCD002CCDA8 /* Base */ = {isa = PBXFileReference; lastKnownFileType = file.storyboard; name = Base; path = Base.lproj/Oc.storyboard; sourceTree = "<group>"; };
		71D708D9255A726B002CCDA8 /* CppFunction.cpp */ = {isa = PBXFileReference; lastKnownFileType = sourcecode.cpp.cpp; path = CppFunction.cpp; sourceTree = "<group>"; };
		71D708DA255A726B002CCDA8 /* CppFunction.h */ = {isa = PBXFileReference; explicitFileType = sourcecode.cpp.h; path = CppFunction.h; sourceTree = "<group>"; };
		71D708DC255A7333002CCDA8 /* CppBase.cpp */ = {isa = PBXFileReference; lastKnownFileType = sourcecode.cpp.cpp; path = CppBase.cpp; sourceTree = "<group>"; };
		71D708DD255A7333002CCDA8 /* CppBase.h */ = {isa = PBXFileReference; lastKnownFileType = sourcecode.c.h; path = CppBase.h; sourceTree = "<group>"; };
		71D7C8CA25DD140900012BAC /* Product.swift */ = {isa = PBXFileReference; fileEncoding = 4; lastKnownFileType = sourcecode.swift; path = Product.swift; sourceTree = "<group>"; };
		71D7C8CB25DD140900012BAC /* ProductViewController.swift */ = {isa = PBXFileReference; fileEncoding = 4; lastKnownFileType = sourcecode.swift; path = ProductViewController.swift; sourceTree = "<group>"; };
		71D7C8CC25DD140900012BAC /* ProductsTableViewController.swift */ = {isa = PBXFileReference; fileEncoding = 4; lastKnownFileType = sourcecode.swift; path = ProductsTableViewController.swift; sourceTree = "<group>"; };
		71D7C8CD25DD140900012BAC /* ContactViewController.swift */ = {isa = PBXFileReference; fileEncoding = 4; lastKnownFileType = sourcecode.swift; path = ContactViewController.swift; sourceTree = "<group>"; };
		71D7C8CE25DD140A00012BAC /* SwiftTest1.xcassets */ = {isa = PBXFileReference; lastKnownFileType = folder.assetcatalog; path = SwiftTest1.xcassets; sourceTree = "<group>"; };
		71E3606C25628A3F003C3264 /* discard.xcassets */ = {isa = PBXFileReference; lastKnownFileType = folder.assetcatalog; path = discard.xcassets; sourceTree = "<group>"; };
		71E3606E25628AD5003C3264 /* yjs.png */ = {isa = PBXFileReference; lastKnownFileType = image.png; path = yjs.png; sourceTree = "<group>"; };
		71F526EA25903B6C00650E3A /* CppTemplate.cpp */ = {isa = PBXFileReference; lastKnownFileType = sourcecode.cpp.cpp; path = CppTemplate.cpp; sourceTree = "<group>"; };
		71F526EB25903B6C00650E3A /* CppTemplate.hpp */ = {isa = PBXFileReference; lastKnownFileType = sourcecode.cpp.h; path = CppTemplate.hpp; sourceTree = "<group>"; };
		98BE2D24259B19E10005A66D /* en */ = {isa = PBXFileReference; lastKnownFileType = text.plist.strings; name = en; path = en.lproj/Localizable.strings; sourceTree = "<group>"; };
		98BE2D27259B19E50005A66D /* zh-Hans */ = {isa = PBXFileReference; lastKnownFileType = text.plist.strings; name = "zh-Hans"; path = "zh-Hans.lproj/Localizable.strings"; sourceTree = "<group>"; };
		98BE2D2E259B200E0005A66D /* zh-Hans */ = {isa = PBXFileReference; lastKnownFileType = text.plist.strings; name = "zh-Hans"; path = "zh-Hans.lproj/File.strings"; sourceTree = "<group>"; };
		98BE2D30259B20120005A66D /* en */ = {isa = PBXFileReference; lastKnownFileType = text.plist.strings; name = en; path = en.lproj/File.strings; sourceTree = "<group>"; };
		C64A7D6FA27ABCE6E68B41CD /* Pods-confuse_test.debug.xcconfig */ = {isa = PBXFileReference; includeInIndex = 1; lastKnownFileType = text.xcconfig; name = "Pods-confuse_test.debug.xcconfig"; path = "Target Support Files/Pods-confuse_test/Pods-confuse_test.debug.xcconfig"; sourceTree = "<group>"; };
		F7D9F27051B5588CBE9C68AE /* libPods-confuse_test.a */ = {isa = PBXFileReference; explicitFileType = archive.ar; includeInIndex = 0; path = "libPods-confuse_test.a"; sourceTree = BUILT_PRODUCTS_DIR; };
/* End PBXFileReference section */

/* Begin PBXFrameworksBuildPhase section */
		718B94FC2508930900C1DB77 /* Frameworks */ = {
			isa = PBXFrameworksBuildPhase;
			buildActionMask = 2147483647;
			files = (
				AA47C427D0DA2DFA108DF18B /* libPods-confuse_test.a in Frameworks */,
				718DDBA5257F3387002B35AE /* confuse_sdk.framework in Frameworks */,
			);
			runOnlyForDeploymentPostprocessing = 0;
		};
		718DDB9B257F3387002B35AE /* Frameworks */ = {
			isa = PBXFrameworksBuildPhase;
			buildActionMask = 2147483647;
			files = (
			);
			runOnlyForDeploymentPostprocessing = 0;
		};
/* End PBXFrameworksBuildPhase section */

/* Begin PBXGroup section */
		710751C7255D3FE000D7F0B7 /* namespace */ = {
			isa = PBXGroup;
			children = (
				710751CB255D40F100D7F0B7 /* CppNamespace.hpp */,
			);
			path = namespace;
			sourceTree = "<group>";
		};
		71138F3025E88E3C0048CF46 /* test2 */ = {
			isa = PBXGroup;
			children = (
				71138F3425E88E9D0048CF46 /* Stopwatch.swift */,
				71138F3325E88E9D0048CF46 /* Test2ViewController.swift */,
			);
			path = test2;
			sourceTree = "<group>";
		};
		71555B102553D57300DD8246 /* oc */ = {
			isa = PBXGroup;
			children = (
				71D708D4255A3DCD002CCDA8 /* Oc.storyboard */,
				718B952F2508AEEC00C1DB77 /* third */,
			);
			path = oc;
			sourceTree = "<group>";
		};
		71555B132553D91200DD8246 /* cpp */ = {
			isa = PBXGroup;
			children = (
				710751C7255D3FE000D7F0B7 /* namespace */,
				718F1748258C97370001E6F0 /* class */,
				71555B872553E1FA00DD8246 /* function */,
				71F526E925903B4900650E3A /* template */,
				71D708D0255A38E3002CCDA8 /* Cpp.storyboard */,
				71555B942553E90F00DD8246 /* CppHeader.h */,
				71D708DD255A7333002CCDA8 /* CppBase.h */,
				71D708DC255A7333002CCDA8 /* CppBase.cpp */,
				719313DE255A786A004A7802 /* CppViewController.h */,
				719313DF255A786A004A7802 /* CppViewController.mm */,
			);
			path = cpp;
			sourceTree = "<group>";
		};
		71555B872553E1FA00DD8246 /* function */ = {
			isa = PBXGroup;
			children = (
				71D708DA255A726B002CCDA8 /* CppFunction.h */,
				71D708D9255A726B002CCDA8 /* CppFunction.cpp */,
				71555B922553E8AE00DD8246 /* CppStudent.h */,
				71555B912553E8AD00DD8246 /* CppStudent.cpp */,
			);
			path = function;
			sourceTree = "<group>";
		};
		718B94F62508930800C1DB77 = {
			isa = PBXGroup;
			children = (
				98BE2D2F259B200E0005A66D /* File.strings */,
				98BE2D25259B19E10005A66D /* Localizable.strings */,
				718B95012508930900C1DB77 /* confuse_test */,
				718B952E2508ADA800C1DB77 /* ThirdPart */,
				718DDB9F257F3387002B35AE /* confuse_sdk */,
				718B95002508930900C1DB77 /* Products */,
				C93ED7FE990E683212DB2E88 /* Pods */,
				7E64F399B4DC6480364B399C /* Frameworks */,
			);
			sourceTree = "<group>";
		};
		718B95002508930900C1DB77 /* Products */ = {
			isa = PBXGroup;
			children = (
				718B94FF2508930900C1DB77 /* confuse_test.app */,
				718DDB9E257F3387002B35AE /* confuse_sdk.framework */,
			);
			name = Products;
			sourceTree = "<group>";
		};
		718B95012508930900C1DB77 /* confuse_test */ = {
			isa = PBXGroup;
			children = (
				71D186FF25C28C1E003D3115 /* swift */,
				71555B132553D91200DD8246 /* cpp */,
				71555B102553D57300DD8246 /* oc */,
				718B95252508992300C1DB77 /* confuse_test.pch */,
				718B95022508930900C1DB77 /* AppDelegate.h */,
				718B95032508930900C1DB77 /* AppDelegate.m */,
				718B95082508930900C1DB77 /* ViewController.h */,
				718B95092508930900C1DB77 /* ViewController.m */,
				718B950B2508930900C1DB77 /* Main.storyboard */,
				718B950E2508930A00C1DB77 /* Assets.xcassets */,
				718B95102508930A00C1DB77 /* LaunchScreen.storyboard */,
				718B95132508930A00C1DB77 /* Info.plist */,
				718B95142508930A00C1DB77 /* main.m */,
			);
			path = confuse_test;
			sourceTree = "<group>";
		};
		718B952E2508ADA800C1DB77 /* ThirdPart */ = {
			isa = PBXGroup;
			children = (
				71E3606E25628AD5003C3264 /* yjs.png */,
				71CC72E8253841BC0094F702 /* TestDiscardSuper.h */,
				71CC72E9253841BC0094F702 /* TestDiscardSuper.m */,
				718B95342508AFD200C1DB77 /* MBProgressHUD.h */,
				718B95352508AFD200C1DB77 /* MBProgressHUD.m */,
				71E3606C25628A3F003C3264 /* discard.xcassets */,
			);
			path = ThirdPart;
			sourceTree = "<group>";
		};
		718B952F2508AEEC00C1DB77 /* third */ = {
			isa = PBXGroup;
			children = (
				718B95302508AF0B00C1DB77 /* MBHudDemoViewController.h */,
				718B95312508AF0B00C1DB77 /* MBHudDemoViewController.m */,
			);
			path = third;
			sourceTree = "<group>";
		};
		718DDB9F257F3387002B35AE /* confuse_sdk */ = {
			isa = PBXGroup;
			children = (
				718DDBA0257F3387002B35AE /* confuse_sdk.h */,
				718DDBA1257F3387002B35AE /* Info.plist */,
			);
			path = confuse_sdk;
			sourceTree = "<group>";
		};
		718F1748258C97370001E6F0 /* class */ = {
			isa = PBXGroup;
			children = (
				718F1752258C98210001E6F0 /* CppClass.hpp */,
				718F1751258C98210001E6F0 /* CppClass.cpp */,
			);
			path = class;
			sourceTree = "<group>";
		};
		71D186FF25C28C1E003D3115 /* swift */ = {
			isa = PBXGroup;
			children = (
				71D7C8D925DD16CC00012BAC /* test1 */,
				71138F3025E88E3C0048CF46 /* test2 */,
				71D1870025C28C7B003D3115 /* Swift.storyboard */,
				71D1870325C28D98003D3115 /* confuse_test-Bridging-Header.h */,
			);
			path = swift;
			sourceTree = "<group>";
		};
		71D7C8D925DD16CC00012BAC /* test1 */ = {
			isa = PBXGroup;
			children = (
				71D7C8CE25DD140A00012BAC /* SwiftTest1.xcassets */,
				71D7C8CD25DD140900012BAC /* ContactViewController.swift */,
				71D7C8CA25DD140900012BAC /* Product.swift */,
				71D7C8CC25DD140900012BAC /* ProductsTableViewController.swift */,
				71D7C8CB25DD140900012BAC /* ProductViewController.swift */,
			);
			path = test1;
			sourceTree = "<group>";
		};
		71F526E925903B4900650E3A /* template */ = {
			isa = PBXGroup;
			children = (
				71F526EB25903B6C00650E3A /* CppTemplate.hpp */,
				71F526EA25903B6C00650E3A /* CppTemplate.cpp */,
			);
			path = template;
			sourceTree = "<group>";
		};
		7E64F399B4DC6480364B399C /* Frameworks */ = {
			isa = PBXGroup;
			children = (
				F7D9F27051B5588CBE9C68AE /* libPods-confuse_test.a */,
			);
			name = Frameworks;
			sourceTree = "<group>";
		};
		C93ED7FE990E683212DB2E88 /* Pods */ = {
			isa = PBXGroup;
			children = (
				C64A7D6FA27ABCE6E68B41CD /* Pods-confuse_test.debug.xcconfig */,
				2AF48204C6D0BEB24FE13CBB /* Pods-confuse_test.release.xcconfig */,
			);
			path = Pods;
			sourceTree = "<group>";
		};
/* End PBXGroup section */

/* Begin PBXHeadersBuildPhase section */
		718DDB99257F3387002B35AE /* Headers */ = {
			isa = PBXHeadersBuildPhase;
			buildActionMask = 2147483647;
			files = (
				718DDBA2257F3387002B35AE /* confuse_sdk.h in Headers */,
			);
			runOnlyForDeploymentPostprocessing = 0;
		};
/* End PBXHeadersBuildPhase section */

/* Begin PBXNativeTarget section */
		718B94FE2508930900C1DB77 /* confuse_test */ = {
			isa = PBXNativeTarget;
			buildConfigurationList = 718B95182508930A00C1DB77 /* Build configuration list for PBXNativeTarget "confuse_test" */;
			buildPhases = (
				017C6F975BCA5CBDFD04A9AB /* [CP] Check Pods Manifest.lock */,
				718B94FB2508930900C1DB77 /* Sources */,
				718B94FC2508930900C1DB77 /* Frameworks */,
				718B94FD2508930900C1DB77 /* Resources */,
				718DDBA7257F3387002B35AE /* Embed Frameworks */,
			);
			buildRules = (
			);
			dependencies = (
				718DDBA4257F3387002B35AE /* PBXTargetDependency */,
			);
			name = confuse_test;
			productName = confuse_test;
			productReference = 718B94FF2508930900C1DB77 /* confuse_test.app */;
			productType = "com.apple.product-type.application";
		};
		718DDB9D257F3387002B35AE /* confuse_sdk */ = {
			isa = PBXNativeTarget;
			buildConfigurationList = 718DDBAA257F3387002B35AE /* Build configuration list for PBXNativeTarget "confuse_sdk" */;
			buildPhases = (
				718DDB99257F3387002B35AE /* Headers */,
				718DDB9A257F3387002B35AE /* Sources */,
				718DDB9B257F3387002B35AE /* Frameworks */,
				718DDB9C257F3387002B35AE /* Resources */,
			);
			buildRules = (
			);
			dependencies = (
			);
			name = confuse_sdk;
			productName = confuse_sdk;
			productReference = 718DDB9E257F3387002B35AE /* confuse_sdk.framework */;
			productType = "com.apple.product-type.framework";
		};
/* End PBXNativeTarget section */

/* Begin PBXProject section */
		718B94F72508930800C1DB77 /* Project object */ = {
			isa = PBXProject;
			attributes = {
				LastUpgradeCheck = 1320;
				ORGANIZATIONNAME = coding520;
				TargetAttributes = {
					718B94FE2508930900C1DB77 = {
						CreatedOnToolsVersion = 11.6;
						LastSwiftMigration = 1220;
					};
					718DDB9D257F3387002B35AE = {
						CreatedOnToolsVersion = 12.2;
					};
				};
			};
			buildConfigurationList = 718B94FA2508930800C1DB77 /* Build configuration list for PBXProject "confuse_test" */;
			compatibilityVersion = "Xcode 9.3";
			developmentRegion = en;
			hasScannedForEncodings = 0;
			knownRegions = (
				en,
				Base,
				"zh-Hans",
			);
			mainGroup = 718B94F62508930800C1DB77;
			productRefGroup = 718B95002508930900C1DB77 /* Products */;
			projectDirPath = "";
			projectRoot = "";
			targets = (
				718B94FE2508930900C1DB77 /* confuse_test */,
				718DDB9D257F3387002B35AE /* confuse_sdk */,
			);
		};
/* End PBXProject section */

/* Begin PBXResourcesBuildPhase section */
		718B94FD2508930900C1DB77 /* Resources */ = {
			isa = PBXResourcesBuildPhase;
			buildActionMask = 2147483647;
			files = (
				71E3606F25628AD5003C3264 /* yjs.png in Resources */,
				71D708D1255A38E4002CCDA8 /* Cpp.storyboard in Resources */,
				71D7C8D425DD140A00012BAC /* SwiftTest1.xcassets in Resources */,
				98BE2D2D259B200E0005A66D /* File.strings in Resources */,
				718B95122508930A00C1DB77 /* LaunchScreen.storyboard in Resources */,
				718B950F2508930A00C1DB77 /* Assets.xcassets in Resources */,
				71D1870125C28C7B003D3115 /* Swift.storyboard in Resources */,
				71D708D6255A4679002CCDA8 /* Oc.storyboard in Resources */,
				98BE2D23259B19E10005A66D /* Localizable.strings in Resources */,
				718B950D2508930900C1DB77 /* Main.storyboard in Resources */,
				71E3606D25628A3F003C3264 /* discard.xcassets in Resources */,
			);
			runOnlyForDeploymentPostprocessing = 0;
		};
		718DDB9C257F3387002B35AE /* Resources */ = {
			isa = PBXResourcesBuildPhase;
			buildActionMask = 2147483647;
			files = (
			);
			runOnlyForDeploymentPostprocessing = 0;
		};
/* End PBXResourcesBuildPhase section */

/* Begin PBXShellScriptBuildPhase section */
		017C6F975BCA5CBDFD04A9AB /* [CP] Check Pods Manifest.lock */ = {
			isa = PBXShellScriptBuildPhase;
			buildActionMask = 2147483647;
			files = (
			);
			inputFileListPaths = (
			);
			inputPaths = (
				"${PODS_PODFILE_DIR_PATH}/Podfile.lock",
				"${PODS_ROOT}/Manifest.lock",
			);
			name = "[CP] Check Pods Manifest.lock";
			outputFileListPaths = (
			);
			outputPaths = (
				"$(DERIVED_FILE_DIR)/Pods-confuse_test-checkManifestLockResult.txt",
			);
			runOnlyForDeploymentPostprocessing = 0;
			shellPath = /bin/sh;
			shellScript = "diff \"${PODS_PODFILE_DIR_PATH}/Podfile.lock\" \"${PODS_ROOT}/Manifest.lock\" > /dev/null\nif [ $? != 0 ] ; then\n    # print error to STDERR\n    echo \"error: The sandbox is not in sync with the Podfile.lock. Run 'pod install' or update your CocoaPods installation.\" >&2\n    exit 1\nfi\n# This output is used by Xcode 'outputs' to avoid re-running this script phase.\necho \"SUCCESS\" > \"${SCRIPT_OUTPUT_FILE_0}\"\n";
			showEnvVarsInLog = 0;
		};
/* End PBXShellScriptBuildPhase section */

/* Begin PBXSourcesBuildPhase section */
		718B94FB2508930900C1DB77 /* Sources */ = {
			isa = PBXSourcesBuildPhase;
			buildActionMask = 2147483647;
			files = (
				718B950A2508930900C1DB77 /* ViewController.m in Sources */,
				71F526EC25903B6C00650E3A /* CppTemplate.cpp in Sources */,
				718B95042508930900C1DB77 /* AppDelegate.m in Sources */,
				71CC72EA253841BC0094F702 /* TestDiscardSuper.m in Sources */,
				71D708DB255A726B002CCDA8 /* CppFunction.cpp in Sources */,
				718B95152508930A00C1DB77 /* main.m in Sources */,
				71D7C8D125DD140A00012BAC /* ProductViewController.swift in Sources */,
				71D708DE255A7333002CCDA8 /* CppBase.cpp in Sources */,
				71555B932553E8AE00DD8246 /* CppStudent.cpp in Sources */,
				71D7C8D225DD140A00012BAC /* ProductsTableViewController.swift in Sources */,
				718B95322508AF0C00C1DB77 /* MBHudDemoViewController.m in Sources */,
				718F1753258C98210001E6F0 /* CppClass.cpp in Sources */,
				71138F3825E8959C0048CF46 /* Stopwatch.swift in Sources */,
				718B95362508AFD200C1DB77 /* MBProgressHUD.m in Sources */,
				71D7C8D325DD140A00012BAC /* ContactViewController.swift in Sources */,
				71D7C8D025DD140A00012BAC /* Product.swift in Sources */,
				71138F3925E8959C0048CF46 /* Test2ViewController.swift in Sources */,
				719313E0255A786A004A7802 /* CppViewController.mm in Sources */,
			);
			runOnlyForDeploymentPostprocessing = 0;
		};
		718DDB9A257F3387002B35AE /* Sources */ = {
			isa = PBXSourcesBuildPhase;
			buildActionMask = 2147483647;
			files = (
			);
			runOnlyForDeploymentPostprocessing = 0;
		};
/* End PBXSourcesBuildPhase section */

/* Begin PBXTargetDependency section */
		718DDBA4257F3387002B35AE /* PBXTargetDependency */ = {
			isa = PBXTargetDependency;
			target = 718DDB9D257F3387002B35AE /* confuse_sdk */;
			targetProxy = 718DDBA3257F3387002B35AE /* PBXContainerItemProxy */;
		};
/* End PBXTargetDependency section */

/* Begin PBXVariantGroup section */
		718B950B2508930900C1DB77 /* Main.storyboard */ = {
			isa = PBXVariantGroup;
			children = (
				718B950C2508930900C1DB77 /* Base */,
			);
			name = Main.storyboard;
			sourceTree = "<group>";
		};
		718B95102508930A00C1DB77 /* LaunchScreen.storyboard */ = {
			isa = PBXVariantGroup;
			children = (
				718B95112508930A00C1DB77 /* Base */,
			);
			name = LaunchScreen.storyboard;
			sourceTree = "<group>";
		};
		71D708D4255A3DCD002CCDA8 /* Oc.storyboard */ = {
			isa = PBXVariantGroup;
			children = (
				71D708D5255A3DCD002CCDA8 /* Base */,
			);
			name = Oc.storyboard;
			sourceTree = "<group>";
		};
		98BE2D25259B19E10005A66D /* Localizable.strings */ = {
			isa = PBXVariantGroup;
			children = (
				98BE2D24259B19E10005A66D /* en */,
				98BE2D27259B19E50005A66D /* zh-Hans */,
			);
			name = Localizable.strings;
			sourceTree = "<group>";
		};
		98BE2D2F259B200E0005A66D /* File.strings */ = {
			isa = PBXVariantGroup;
			children = (
				98BE2D2E259B200E0005A66D /* zh-Hans */,
				98BE2D30259B20120005A66D /* en */,
			);
			name = File.strings;
			sourceTree = "<group>";
		};
/* End PBXVariantGroup section */

/* Begin XCBuildConfiguration section */
		718B95162508930A00C1DB77 /* Debug */ = {
			isa = XCBuildConfiguration;
			buildSettings = {
				ALWAYS_SEARCH_USER_PATHS = NO;
				CLANG_ANALYZER_LOCALIZABILITY_NONLOCALIZED = YES;
				CLANG_ANALYZER_NONNULL = YES;
				CLANG_ANALYZER_NUMBER_OBJECT_CONVERSION = YES_AGGRESSIVE;
				CLANG_CXX_LANGUAGE_STANDARD = "gnu++14";
				CLANG_CXX_LIBRARY = "libc++";
				CLANG_ENABLE_MODULES = YES;
				CLANG_ENABLE_OBJC_ARC = YES;
				CLANG_ENABLE_OBJC_WEAK = YES;
				CLANG_WARN_BLOCK_CAPTURE_AUTORELEASING = YES;
				CLANG_WARN_BOOL_CONVERSION = YES;
				CLANG_WARN_COMMA = YES;
				CLANG_WARN_CONSTANT_CONVERSION = YES;
				CLANG_WARN_DEPRECATED_OBJC_IMPLEMENTATIONS = YES;
				CLANG_WARN_DIRECT_OBJC_ISA_USAGE = YES_ERROR;
				CLANG_WARN_DOCUMENTATION_COMMENTS = YES;
				CLANG_WARN_EMPTY_BODY = YES;
				CLANG_WARN_ENUM_CONVERSION = YES;
				CLANG_WARN_INFINITE_RECURSION = YES;
				CLANG_WARN_INT_CONVERSION = YES;
				CLANG_WARN_NON_LITERAL_NULL_CONVERSION = YES;
				CLANG_WARN_OBJC_IMPLICIT_RETAIN_SELF = YES;
				CLANG_WARN_OBJC_LITERAL_CONVERSION = YES;
				CLANG_WARN_OBJC_ROOT_CLASS = YES_ERROR;
				CLANG_WARN_QUOTED_INCLUDE_IN_FRAMEWORK_HEADER = YES;
				CLANG_WARN_RANGE_LOOP_ANALYSIS = YES;
				CLANG_WARN_STRICT_PROTOTYPES = YES;
				CLANG_WARN_SUSPICIOUS_MOVE = YES;
				CLANG_WARN_UNGUARDED_AVAILABILITY = YES_AGGRESSIVE;
				CLANG_WARN_UNREACHABLE_CODE = YES;
				CLANG_WARN__DUPLICATE_METHOD_MATCH = YES;
				COPY_PHASE_STRIP = NO;
				DEBUG_INFORMATION_FORMAT = dwarf;
				ENABLE_STRICT_OBJC_MSGSEND = YES;
				ENABLE_TESTABILITY = YES;
				GCC_C_LANGUAGE_STANDARD = gnu11;
				GCC_DYNAMIC_NO_PIC = NO;
				GCC_NO_COMMON_BLOCKS = YES;
				GCC_OPTIMIZATION_LEVEL = 0;
				GCC_PREFIX_HEADER = Confuse/confuse_test.pch;
				GCC_PREPROCESSOR_DEFINITIONS = (
					"DEBUG=1",
					"$(inherited)",
				);
				GCC_WARN_64_TO_32_BIT_CONVERSION = YES;
				GCC_WARN_ABOUT_RETURN_TYPE = YES_ERROR;
				GCC_WARN_UNDECLARED_SELECTOR = YES;
				GCC_WARN_UNINITIALIZED_AUTOS = YES_AGGRESSIVE;
				GCC_WARN_UNUSED_FUNCTION = YES;
				GCC_WARN_UNUSED_VARIABLE = YES;
				IPHONEOS_DEPLOYMENT_TARGET = 13.6;
				MTL_ENABLE_DEBUG_INFO = INCLUDE_SOURCE;
				MTL_FAST_MATH = YES;
				ONLY_ACTIVE_ARCH = YES;
				SDKROOT = iphoneos;
			};
			name = Debug;
		};
		718B95172508930A00C1DB77 /* Release */ = {
			isa = XCBuildConfiguration;
			buildSettings = {
				ALWAYS_SEARCH_USER_PATHS = NO;
				CLANG_ANALYZER_LOCALIZABILITY_NONLOCALIZED = YES;
				CLANG_ANALYZER_NONNULL = YES;
				CLANG_ANALYZER_NUMBER_OBJECT_CONVERSION = YES_AGGRESSIVE;
				CLANG_CXX_LANGUAGE_STANDARD = "gnu++14";
				CLANG_CXX_LIBRARY = "libc++";
				CLANG_ENABLE_MODULES = YES;
				CLANG_ENABLE_OBJC_ARC = YES;
				CLANG_ENABLE_OBJC_WEAK = YES;
				CLANG_WARN_BLOCK_CAPTURE_AUTORELEASING = YES;
				CLANG_WARN_BOOL_CONVERSION = YES;
				CLANG_WARN_COMMA = YES;
				CLANG_WARN_CONSTANT_CONVERSION = YES;
				CLANG_WARN_DEPRECATED_OBJC_IMPLEMENTATIONS = YES;
				CLANG_WARN_DIRECT_OBJC_ISA_USAGE = YES_ERROR;
				CLANG_WARN_DOCUMENTATION_COMMENTS = YES;
				CLANG_WARN_EMPTY_BODY = YES;
				CLANG_WARN_ENUM_CONVERSION = YES;
				CLANG_WARN_INFINITE_RECURSION = YES;
				CLANG_WARN_INT_CONVERSION = YES;
				CLANG_WARN_NON_LITERAL_NULL_CONVERSION = YES;
				CLANG_WARN_OBJC_IMPLICIT_RETAIN_SELF = YES;
				CLANG_WARN_OBJC_LITERAL_CONVERSION = YES;
				CLANG_WARN_OBJC_ROOT_CLASS = YES_ERROR;
				CLANG_WARN_QUOTED_INCLUDE_IN_FRAMEWORK_HEADER = YES;
				CLANG_WARN_RANGE_LOOP_ANALYSIS = YES;
				CLANG_WARN_STRICT_PROTOTYPES = YES;
				CLANG_WARN_SUSPICIOUS_MOVE = YES;
				CLANG_WARN_UNGUARDED_AVAILABILITY = YES_AGGRESSIVE;
				CLANG_WARN_UNREACHABLE_CODE = YES;
				CLANG_WARN__DUPLICATE_METHOD_MATCH = YES;
				COPY_PHASE_STRIP = NO;
				DEBUG_INFORMATION_FORMAT = "dwarf-with-dsym";
				ENABLE_NS_ASSERTIONS = NO;
				ENABLE_STRICT_OBJC_MSGSEND = YES;
				GCC_C_LANGUAGE_STANDARD = gnu11;
				GCC_NO_COMMON_BLOCKS = YES;
				GCC_PREFIX_HEADER = Confuse/confuse_test.pch;
				GCC_WARN_64_TO_32_BIT_CONVERSION = YES;
				GCC_WARN_ABOUT_RETURN_TYPE = YES_ERROR;
				GCC_WARN_UNDECLARED_SELECTOR = YES;
				GCC_WARN_UNINITIALIZED_AUTOS = YES_AGGRESSIVE;
				GCC_WARN_UNUSED_FUNCTION = YES;
				GCC_WARN_UNUSED_VARIABLE = YES;
				IPHONEOS_DEPLOYMENT_TARGET = 13.6;
				MTL_ENABLE_DEBUG_INFO = NO;
				MTL_FAST_MATH = YES;
				SDKROOT = iphoneos;
				SWIFT_COMPILATION_MODE = wholemodule;
				VALIDATE_PRODUCT = YES;
			};
			name = Release;
		};
		718B95192508930A00C1DB77 /* Debug */ = {
			isa = XCBuildConfiguration;
			baseConfigurationReference = C64A7D6FA27ABCE6E68B41CD /* Pods-confuse_test.debug.xcconfig */;
			buildSettings = {
				ASSETCATALOG_COMPILER_APPICON_NAME = AppIcon;
				CLANG_ENABLE_MODULES = YES;
				CODE_SIGN_STYLE = Manual;
				DEFINES_MODULE = YES;
				DEVELOPMENT_TEAM = "";
				GCC_INPUT_FILETYPE = automatic;
				GCC_PRECOMPILE_PREFIX_HEADER = NO;
				GCC_PREFIX_HEADER = confuse_test/confuse_test.pch;
				INFOPLIST_FILE = confuse_test/Info.plist;
				IPHONEOS_DEPLOYMENT_TARGET = 12.0;
				LD_RUNPATH_SEARCH_PATHS = (
					"$(inherited)",
					"@executable_path/Frameworks",
				);
				MARKETING_VERSION = 6.4.2;
				OTHER_LDFLAGS = (
					"$(inherited)",
					"-ObjC",
					"-l\"MJExtension\"",
					"-l\"Masonry\"",
					"-l\"YYCategories\"",
					"-l\"YYModel\"",
					"-l\"z\"",
					"-framework",
					"\"Accelerate\"",
					"-framework",
					"\"CoreFoundation\"",
					"-framework",
					"\"CoreGraphics\"",
					"-framework",
					"\"CoreImage\"",
					"-framework",
					"\"CoreText\"",
					"-framework",
					"\"Foundation\"",
					"-framework",
					"\"ImageIO\"",
					"-framework",
					"\"QuartzCore\"",
					"-framework",
					"\"UIKit\"",
				);
				PRODUCT_BUNDLE_IDENTIFIER = "com.yjs.confuse-test";
				PRODUCT_NAME = "$(TARGET_NAME)";
				PROVISIONING_PROFILE_SPECIFIER = "";
				SWIFT_OBJC_BRIDGING_HEADER = "confuse_test/swift/confuse_test-Bridging-Header.h";
				SWIFT_OPTIMIZATION_LEVEL = "-Onone";
				SWIFT_PRECOMPILE_BRIDGING_HEADER = YES;
				SWIFT_VERSION = 5.0;
				TARGETED_DEVICE_FAMILY = "1,2";
			};
			name = Debug;
		};
		718B951A2508930A00C1DB77 /* Release */ = {
			isa = XCBuildConfiguration;
			baseConfigurationReference = 2AF48204C6D0BEB24FE13CBB /* Pods-confuse_test.release.xcconfig */;
			buildSettings = {
				ASSETCATALOG_COMPILER_APPICON_NAME = AppIcon;
				CLANG_ENABLE_MODULES = YES;
				CODE_SIGN_STYLE = Manual;
				DEFINES_MODULE = YES;
				DEVELOPMENT_TEAM = "";
				GCC_INPUT_FILETYPE = automatic;
				GCC_PRECOMPILE_PREFIX_HEADER = NO;
				GCC_PREFIX_HEADER = confuse_test/confuse_test.pch;
				INFOPLIST_FILE = confuse_test/Info.plist;
				IPHONEOS_DEPLOYMENT_TARGET = 12.0;
				LD_RUNPATH_SEARCH_PATHS = (
					"$(inherited)",
					"@executable_path/Frameworks",
				);
				MARKETING_VERSION = 6.4.2;
				OTHER_LDFLAGS = (
					"$(inherited)",
					"-ObjC",
					"-l\"MJExtension\"",
					"-l\"Masonry\"",
					"-l\"YYCategories\"",
					"-l\"YYModel\"",
					"-l\"z\"",
					"-framework",
					"\"Accelerate\"",
					"-framework",
					"\"CoreFoundation\"",
					"-framework",
					"\"CoreGraphics\"",
					"-framework",
					"\"CoreImage\"",
					"-framework",
					"\"CoreText\"",
					"-framework",
					"\"Foundation\"",
					"-framework",
					"\"ImageIO\"",
					"-framework",
					"\"QuartzCore\"",
					"-framework",
					"\"UIKit\"",
				);
				PRODUCT_BUNDLE_IDENTIFIER = "com.yjs.confuse-test";
				PRODUCT_NAME = "$(TARGET_NAME)";
				PROVISIONING_PROFILE_SPECIFIER = "";
				SWIFT_OBJC_BRIDGING_HEADER = "confuse_test/swift/confuse_test-Bridging-Header.h";
				SWIFT_PRECOMPILE_BRIDGING_HEADER = YES;
				SWIFT_VERSION = 5.0;
				TARGETED_DEVICE_FAMILY = "1,2";
			};
			name = Release;
		};
		718DDBA8257F3387002B35AE /* Debug */ = {
			isa = XCBuildConfiguration;
			buildSettings = {
				CLANG_WARN_QUOTED_INCLUDE_IN_FRAMEWORK_HEADER = YES;
				CODE_SIGN_STYLE = Automatic;
				CURRENT_PROJECT_VERSION = 1;
				DEFINES_MODULE = YES;
				DYLIB_COMPATIBILITY_VERSION = 1;
				DYLIB_CURRENT_VERSION = 1;
				DYLIB_INSTALL_NAME_BASE = "@rpath";
				INFOPLIST_FILE = confuse_sdk/Info.plist;
				INSTALL_PATH = "$(LOCAL_LIBRARY_DIR)/Frameworks";
				IPHONEOS_DEPLOYMENT_TARGET = 14.2;
				LD_RUNPATH_SEARCH_PATHS = (
					"$(inherited)",
					"@executable_path/Frameworks",
					"@loader_path/Frameworks",
				);
				MARKETING_VERSION = 6.4.2;
				PRODUCT_BUNDLE_IDENTIFIER = "com.yjs.confuse-sdk";
				PRODUCT_NAME = "$(TARGET_NAME:c99extidentifier)";
				SKIP_INSTALL = YES;
				TARGETED_DEVICE_FAMILY = "1,2";
				VERSIONING_SYSTEM = "apple-generic";
				VERSION_INFO_PREFIX = "";
			};
			name = Debug;
		};
		718DDBA9257F3387002B35AE /* Release */ = {
			isa = XCBuildConfiguration;
			buildSettings = {
				CLANG_WARN_QUOTED_INCLUDE_IN_FRAMEWORK_HEADER = YES;
				CODE_SIGN_STYLE = Automatic;
				CURRENT_PROJECT_VERSION = 1;
				DEFINES_MODULE = YES;
				DYLIB_COMPATIBILITY_VERSION = 1;
				DYLIB_CURRENT_VERSION = 1;
				DYLIB_INSTALL_NAME_BASE = "@rpath";
				INFOPLIST_FILE = confuse_sdk/Info.plist;
				INSTALL_PATH = "$(LOCAL_LIBRARY_DIR)/Frameworks";
				IPHONEOS_DEPLOYMENT_TARGET = 14.2;
				LD_RUNPATH_SEARCH_PATHS = (
					"$(inherited)",
					"@executable_path/Frameworks",
					"@loader_path/Frameworks",
				);
				MARKETING_VERSION = 6.4.2;
				PRODUCT_BUNDLE_IDENTIFIER = "com.yjs.confuse-sdk";
				PRODUCT_NAME = "$(TARGET_NAME:c99extidentifier)";
				SKIP_INSTALL = YES;
				TARGETED_DEVICE_FAMILY = "1,2";
				VERSIONING_SYSTEM = "apple-generic";
				VERSION_INFO_PREFIX = "";
			};
			name = Release;
		};
/* End XCBuildConfiguration section */

/* Begin XCConfigurationList section */
		718B94FA2508930800C1DB77 /* Build configuration list for PBXProject "confuse_test" */ = {
			isa = XCConfigurationList;
			buildConfigurations = (
				718B95162508930A00C1DB77 /* Debug */,
				718B95172508930A00C1DB77 /* Release */,
			);
			defaultConfigurationIsVisible = 0;
			defaultConfigurationName = Release;
		};
		718B95182508930A00C1DB77 /* Build configuration list for PBXNativeTarget "confuse_test" */ = {
			isa = XCConfigurationList;
			buildConfigurations = (
				718B95192508930A00C1DB77 /* Debug */,
				718B951A2508930A00C1DB77 /* Release */,
			);
			defaultConfigurationIsVisible = 0;
			defaultConfigurationName = Release;
		};
		718DDBAA257F3387002B35AE /* Build configuration list for PBXNativeTarget "confuse_sdk" */ = {
			isa = XCConfigurationList;
			buildConfigurations = (
				718DDBA8257F3387002B35AE /* Debug */,
				718DDBA9257F3387002B35AE /* Release */,
			);
			defaultConfigurationIsVisible = 0;
			defaultConfigurationName = Release;
		};
/* End XCConfigurationList section */
	};
	rootObject = 718B94F72508930800C1DB77 /* Project object */;
}
